<?xml version="1.0" encoding="utf-8"?>
<Project ToolsVersion="4.0" xmlns="http://schemas.microsoft.com/developer/msbuild/2003">
  <ItemGroup>
    <ClCompile Include="sources\sensors\temperature.cpp" />
    <ClCompile Include="sources\sensors\precipitation.cpp" />
    <ClCompile Include="sources\sensors\co2.cpp" />
    <ClCompile Include="sources\sensors\air_humidity.cpp" />
    <ClCompile Include="sources\sensors\soil_fertility.cpp" />
    <ClCompile Include="sources\sensors\soil_moisture.cpp" />
    <ClCompile Include="sources\sensors\uv_index.cpp" />
    <ClCompile Include="sources\sensors\ph.cpp" />
    <ClInclude Include="sources\database.cpp" />
    <ClInclude Include="sources\database.h" />
    <ClCompile Include="sources\main.cpp" />
    <ClCompile Include="sources\application.cpp" />
    <ClCompile Include="sources\backend_wrapper.cpp" />
    <ClInclude Include="sources\application.h" />
    <ClInclude Include="sources\backend_wrapper.h" />
    <ClInclude Include="sources\inter_regular.h" />
    <ClInclude Include="sources\sensors\temperature.h" />
    <ClInclude Include="sources\sensors\precipitation.h" />
    <ClInclude Include="sources\sensors\co2.h" />
    <ClInclude Include="sources\sensors\air_humidity.h" />
    <ClInclude Include="sources\sensors\soil_fertility.h" />
    <ClInclude Include="sources\sensors\soil_moisture.h" />
    <ClInclude Include="sources\sensors\uv_index.h" />
    <ClInclude Include="sources\sensors\ph.h" />
    <ClInclude Include="imgui\glfw\glfw3.h" />
    <ClInclude Include="imgui\glfw\glfw3native.h" />
    <ClInclude Include="imgui\imconfig.h" />
    <ClInclude Include="imgui\imgui.h" />
    <ClInclude Include="imgui\imgui_impl_glfw.h" />
    <ClInclude Include="imgui\imgui_impl_opengl3.h" />
    <ClInclude Include="imgui\imgui_impl_opengl3_loader.h" />
    <ClInclude Include="imgui\imgui_internal.h" />
    <ClInclude Include="imgui\implot.h" />
    <ClInclude Include="imgui\implot_internal.h" />
    <ClInclude Include="imgui\imstb_rectpack.h" />
    <ClInclude Include="imgui\imstb_textedit.h" />
    <ClInclude Include="imgui\imstb_truetype.h" />
    <ClCompile Include="imgui\imgui.cpp" />
    <ClCompile Include="imgui\imgui_draw.cpp" />
    <ClCompile Include="imgui\imgui_impl_glfw.cpp" />
    <ClCompile Include="imgui\imgui_impl_opengl3.cpp" />
    <ClCompile Include="imgui\imgui_tables.cpp" />
    <ClCompile Include="imgui\imgui_widgets.cpp" />
    <ClCompile Include="imgui\implot.cpp" />
    <ClCompile Include="imgui\implot_items.cpp" />
    <Library Include="imgui\glfw\glfw3.lib" />
  </ItemGroup>
  <ItemGroup>
    <None Include="resources\sensors\AirHumidity.data" />
    <None Include="resources\sensors\CO2.data" />
    <None Include="resources\sensors\PH.data" />
    <None Include="resources\sensors\Precipitation.data" />
    <None Include="resources\sensors\SoilFertility.data" />
    <None Include="resources\sensors\SoilMoisture.data" />
    <None Include="resources\sensors\Temperature.data" />
    <None Include="resources\sensors\UVIndex.data" />
    <None Include="resources\GreenEye.data" />
  </ItemGroup>
</Project>